
Microsoft Visual Studio Solution File, Format Version 12.00
# Visual Studio Version 17
VisualStudioVersion = 17.8.34511.84
MinimumVisualStudioVersion = 10.0.40219.1
Project("{FAE04EC0-301F-11D3-BF4B-00C04F79EFBC}") = "Record_PL", "Record_PL\Record_PL.csproj", "{1512D977-1E4B-4080-8027-DFF6445744FD}"
EndProject
Global
	GlobalSection(SolutionConfigurationPlatforms) = preSolution
		Debug|Any CPU = Debug|Any CPU
		Release|Any CPU = Release|Any CPU
	EndGlobalSection
	GlobalSection(ProjectConfigurationPlatforms) = postSolution
		{1512D977-1E4B-4080-8027-DFF6445744FD}.Debug|Any CPU.ActiveCfg = Debug|Any CPU
		{1512D977-1E4B-4080-8027-DFF6445744FD}.Debug|Any CPU.Build.0 = Debug|Any CPU
		{1512D977-1E4B-4080-8027-DFF6445744FD}.Release|Any CPU.ActiveCfg = Release|Any CPU
		{1512D977-1E4B-4080-8027-DFF6445744FD}.Release|Any CPU.Build.0 = Release|Any CPU
	EndGlobalSection
	GlobalSection(SolutionProperties) = preSolution
		HideSolutionNode = FALSE
	EndGlobalSection
	GlobalSection(ExtensibilityGlobals) = postSolution
		SolutionGuid = {44547217-1706-4FAE-A164-4069C30577A6}
	EndGlobalSection
EndGlobal
