
Microsoft Visual Studio Solution File, Format Version 12.00
# Visual Studio Version 17
VisualStudioVersion = 17.6.33829.357
MinimumVisualStudioVersion = 10.0.40219.1
Project("{FAE04EC0-301F-11D3-BF4B-00C04F79EFBC}") = "FajlKezeles2022_PL", "FajlKezeles2022_PL\FajlKezeles2022_PL.csproj", "{57EB6568-FFF3-4EFC-919E-66E5CD8A54AA}"
EndProject
Global
	GlobalSection(SolutionConfigurationPlatforms) = preSolution
		Debug|Any CPU = Debug|Any CPU
		Release|Any CPU = Release|Any CPU
	EndGlobalSection
	GlobalSection(ProjectConfigurationPlatforms) = postSolution
		{57EB6568-FFF3-4EFC-919E-66E5CD8A54AA}.Debug|Any CPU.ActiveCfg = Debug|Any CPU
		{57EB6568-FFF3-4EFC-919E-66E5CD8A54AA}.Debug|Any CPU.Build.0 = Debug|Any CPU
		{57EB6568-FFF3-4EFC-919E-66E5CD8A54AA}.Release|Any CPU.ActiveCfg = Release|Any CPU
		{57EB6568-FFF3-4EFC-919E-66E5CD8A54AA}.Release|Any CPU.Build.0 = Release|Any CPU
	EndGlobalSection
	GlobalSection(SolutionProperties) = preSolution
		HideSolutionNode = FALSE
	EndGlobalSection
	GlobalSection(ExtensibilityGlobals) = postSolution
		SolutionGuid = {F90A8AD0-9011-4C5A-912D-41565539B33C}
	EndGlobalSection
EndGlobal
