
Microsoft Visual Studio Solution File, Format Version 12.00
# Visual Studio Version 17
VisualStudioVersion = 17.11.35208.52
MinimumVisualStudioVersion = 10.0.40219.1
Project("{FAE04EC0-301F-11D3-BF4B-00C04F79EFBC}") = "1. feladat", "1. feladat\1. feladat.csproj", "{662106FE-DB4A-47B5-804B-7785C5F917F3}"
EndProject
Global
	GlobalSection(SolutionConfigurationPlatforms) = preSolution
		Debug|Any CPU = Debug|Any CPU
		Release|Any CPU = Release|Any CPU
	EndGlobalSection
	GlobalSection(ProjectConfigurationPlatforms) = postSolution
		{662106FE-DB4A-47B5-804B-7785C5F917F3}.Debug|Any CPU.ActiveCfg = Debug|Any CPU
		{662106FE-DB4A-47B5-804B-7785C5F917F3}.Debug|Any CPU.Build.0 = Debug|Any CPU
		{662106FE-DB4A-47B5-804B-7785C5F917F3}.Release|Any CPU.ActiveCfg = Release|Any CPU
		{662106FE-DB4A-47B5-804B-7785C5F917F3}.Release|Any CPU.Build.0 = Release|Any CPU
	EndGlobalSection
	GlobalSection(SolutionProperties) = preSolution
		HideSolutionNode = FALSE
	EndGlobalSection
	GlobalSection(ExtensibilityGlobals) = postSolution
		SolutionGuid = {DF4A12A2-6838-45AE-840D-A42ACBF0C9C5}
	EndGlobalSection
EndGlobal
