
Microsoft Visual Studio Solution File, Format Version 12.00
# Visual Studio Version 17
VisualStudioVersion = 17.7.34003.232
MinimumVisualStudioVersion = 10.0.40219.1
Project("{FAE04EC0-301F-11D3-BF4B-00C04F79EFBC}") = "If_PL", "If_PL\If_PL.csproj", "{678BFEB3-239C-41E4-BA1B-26E42971EFC8}"
EndProject
Global
	GlobalSection(SolutionConfigurationPlatforms) = preSolution
		Debug|Any CPU = Debug|Any CPU
		Release|Any CPU = Release|Any CPU
	EndGlobalSection
	GlobalSection(ProjectConfigurationPlatforms) = postSolution
		{678BFEB3-239C-41E4-BA1B-26E42971EFC8}.Debug|Any CPU.ActiveCfg = Debug|Any CPU
		{678BFEB3-239C-41E4-BA1B-26E42971EFC8}.Debug|Any CPU.Build.0 = Debug|Any CPU
		{678BFEB3-239C-41E4-BA1B-26E42971EFC8}.Release|Any CPU.ActiveCfg = Release|Any CPU
		{678BFEB3-239C-41E4-BA1B-26E42971EFC8}.Release|Any CPU.Build.0 = Release|Any CPU
	EndGlobalSection
	GlobalSection(SolutionProperties) = preSolution
		HideSolutionNode = FALSE
	EndGlobalSection
	GlobalSection(ExtensibilityGlobals) = postSolution
		SolutionGuid = {67C46CC4-AD7F-4E0B-9D78-7F2932BD61EA}
	EndGlobalSection
EndGlobal
