
Microsoft Visual Studio Solution File, Format Version 12.00
# Visual Studio Version 17
VisualStudioVersion = 17.6.33829.357
MinimumVisualStudioVersion = 10.0.40219.1
Project("{FAE04EC0-301F-11D3-BF4B-00C04F79EFBC}") = "TopLevelStatements_Pelda", "TopLevelStatements_Pelda\TopLevelStatements_Pelda.csproj", "{B02841C4-4057-438F-9330-9F5C0A43014F}"
EndProject
Global
	GlobalSection(SolutionConfigurationPlatforms) = preSolution
		Debug|Any CPU = Debug|Any CPU
		Release|Any CPU = Release|Any CPU
	EndGlobalSection
	GlobalSection(ProjectConfigurationPlatforms) = postSolution
		{B02841C4-4057-438F-9330-9F5C0A43014F}.Debug|Any CPU.ActiveCfg = Debug|Any CPU
		{B02841C4-4057-438F-9330-9F5C0A43014F}.Debug|Any CPU.Build.0 = Debug|Any CPU
		{B02841C4-4057-438F-9330-9F5C0A43014F}.Release|Any CPU.ActiveCfg = Release|Any CPU
		{B02841C4-4057-438F-9330-9F5C0A43014F}.Release|Any CPU.Build.0 = Release|Any CPU
	EndGlobalSection
	GlobalSection(SolutionProperties) = preSolution
		HideSolutionNode = FALSE
	EndGlobalSection
	GlobalSection(ExtensibilityGlobals) = postSolution
		SolutionGuid = {8AEAD604-63B5-424B-93DE-46C29A717DB5}
	EndGlobalSection
EndGlobal
